#MicroXplorer Configuration settings - do not modify
ADC1.Channel-0\#ChannelRegularConversion=ADC_CHANNEL_2
ADC1.CommonPathInternal=ADC_INTERNAL_NONE
ADC1.IPParameters=Rank-0\#ChannelRegularConversion,Channel-0\#ChannelRegularConversion,SamplingTime-0\#ChannelRegularConversion,OffsetNumber-0\#ChannelRegularConversion,NbrOfConversionFlag,master,CommonPathInternal
ADC1.NbrOfConversionFlag=1
ADC1.OffsetNumber-0\#ChannelRegularConversion=ADC_OFFSET_NONE
ADC1.Rank-0\#ChannelRegularConversion=1
ADC1.SamplingTime-0\#ChannelRegularConversion=ADC_SAMPLETIME_1CYCLE_5
ADC1.master=1
BootLoader.IPs=DDR,RCC
BootROM.IPs=RCC
CortexA7NS.IPs=BSEC,DDR\:I,ETZPC,HSEM\:I,IPCC\:I,PWR,RCC\:I,RTC,TAMP\:I,DMA\:I,GIC,ETH1\:I,LTDC\:I,FMC\:I,SDMMC1\:I,SDMMC2\:I,USART1\:I,USART3\:I,I2C1\:I,SPI1\:I,I2S1\:I,I2S3\:I,SPI3\:I,ADC1\:I,ADC2\:I,SAI1\:I,DMA1\:I,MDMA_A7NS\:I
CortexA7S.IPs=BSEC\:I,DDR,ETZPC\:I,HSEM,PWR\:I,RCC,RNG1\:I,RTC\:I,TAMP,GIC\:I,MDMA_A7S\:I
CortexM4.IPs=IPCC,ETZPC,FREERTOS\:I,HSEM,PWR,RCC,SYS\:I,DMA,NVIC\:I,DMA2\:I
DDR.ADDRMAP1=0x00070707
DDR.ADDRMAP3=0x1F000000
DDR.ADDRMAP5=0x06060606
DDR.ADDRMAP6=0x06060606
DDR.CL=6
DDR.CWL=5
DDR.DDR_Frequency=25.0
DDR.DRAMTMG0=0x0C080103
DDR.DRAMTMG1=0x000A0406
DDR.DRAMTMG2=0x0506080E
DDR.DRAMTMG4=0x03040403
DDR.DRAMTMG5=0x05050203
DDR.DTPR0=0x0C8333D0
DDR.DTPR1=0x09070040
DDR.DTPR2=0x10022A00
DDR.IPParameters=DDR_Frequency,CL,RL,CWL,WL,addrmap_col_b9,addrmap_col_b10,addrmap_col_b11,addrmap_bank_b0,addrmap_bank_b1,addrmap_bank_b2,addrmap_row_b0,addrmap_row_b1,addrmap_row_b2_10,addrmap_row_b11,addrmap_row_b12,addrmap_row_b13,addrmap_row_b14,addrmap_row_b15,MSTR,RFSHTMG,DRAMTMG0,DRAMTMG1,DRAMTMG2,DRAMTMG4,DRAMTMG5,SCHED,ADDRMAP1,ADDRMAP3,ADDRMAP5,ADDRMAP6,PTR0,PTR1,PTR2,DTPR0,DTPR1,DTPR2,MR0,MR2,SPEED_BIN_GRADE,tRCD,tRP,tRC,wr2pre,t_faw,t_ras_max,t_ras_min,t_xp,t_rd2pre,t_rp,t_rc,write_latency,read_latency,wr2rd,t_rcd,t_rrd,t_cksrx,t_cksre,t_ckesr,t_cke,t_xs_dll_x32,t_xs_x32,t_rfc_nom_x1_x32,t_rfc_min,dfi_t_rddata_en,dfi_tphy_wrlat,tdlllock,tdllsrst,tdinit1,tdinit0,tdinit2,tccd,trc,trrd,tras,trcd,trp,twtr,trtp,tmrd,trfc,tmod,tfaw,tdllk,tcke,txp,txs,MR0.WR,MR0.CL,MR2.RTT,MR2.CWL,data_bus_width
DDR.MR0=0x00000220
DDR.MR0.CL=2
DDR.MR0.WR=1
DDR.MR2=0x00000200
DDR.MR2.CWL=0
DDR.MR2.RTT=1
DDR.MSTR=0x00041401
DDR.PTR0=0x00202008
DDR.PTR1=0x003830D4
DDR.PTR2=0x042C1388
DDR.RFSHTMG=0x00060007
DDR.RL=6
DDR.SCHED=0x00000C01
DDR.SPEED_BIN_GRADE=SPEED BIN GRADE CONFIG2
DDR.WL=5
DDR.addrmap_bank_b0=7
DDR.addrmap_bank_b1=7
DDR.addrmap_bank_b2=7
DDR.addrmap_col_b10=31
DDR.addrmap_col_b11=31
DDR.addrmap_col_b9=31
DDR.addrmap_row_b0=6
DDR.addrmap_row_b1=6
DDR.addrmap_row_b11=6
DDR.addrmap_row_b12=6
DDR.addrmap_row_b13=6
DDR.addrmap_row_b14=6
DDR.addrmap_row_b15=6
DDR.addrmap_row_b2_10=6
DDR.data_bus_width=1
DDR.dfi_t_rddata_en=4
DDR.dfi_tphy_wrlat=4
DDR.read_latency=6
DDR.tRC=52.5
DDR.tRCD=15
DDR.tRP=15
DDR.t_cke=3
DDR.t_ckesr=2
DDR.t_cksre=5
DDR.t_cksrx=5
DDR.t_faw=8
DDR.t_ras_max=1
DDR.t_ras_min=3
DDR.t_rc=6
DDR.t_rcd=3
DDR.t_rd2pre=4
DDR.t_rfc_min=7
DDR.t_rfc_nom_x1_x32=6
DDR.t_rp=3
DDR.t_rrd=4
DDR.t_xp=10
DDR.t_xs_dll_x32=16
DDR.t_xs_x32=5
DDR.tccd=0
DDR.tcke=4
DDR.tdinit0=12500
DDR.tdinit1=7
DDR.tdinit2=5000
DDR.tdllk=512
DDR.tdlllock=128
DDR.tdllsrst=8
DDR.tfaw=8
DDR.tmod=0
DDR.tmrd=0
DDR.tras=3
DDR.trc=6
DDR.trcd=3
DDR.trfc=7
DDR.trp=3
DDR.trrd=4
DDR.trtp=4
DDR.twtr=6
DDR.txp=10
DDR.txs=512
DDR.wr2pre=12
DDR.wr2rd=14
DDR.write_latency=5
DDR_A0.Mode=DDR3
DDR_A0.Signal=DDR_A0
DDR_A1.Mode=DDR3
DDR_A1.Signal=DDR_A1
DDR_A10.Mode=DDR3
DDR_A10.Signal=DDR_A10
DDR_A11.Mode=DDR3
DDR_A11.Signal=DDR_A11
DDR_A12.Mode=8Gb_16bits
DDR_A12.Signal=DDR_A12
DDR_A13.Mode=8Gb_16bits
DDR_A13.Signal=DDR_A13
DDR_A14.Mode=8Gb_16bits
DDR_A14.Signal=DDR_A14
DDR_A15.Mode=8Gb_16bits
DDR_A15.Signal=DDR_A15
DDR_A2.Mode=DDR3
DDR_A2.Signal=DDR_A2
DDR_A3.Mode=DDR3
DDR_A3.Signal=DDR_A3
DDR_A4.Mode=DDR3
DDR_A4.Signal=DDR_A4
DDR_A5.Mode=DDR3
DDR_A5.Signal=DDR_A5
DDR_A6.Mode=DDR3
DDR_A6.Signal=DDR_A6
DDR_A7.Mode=DDR3
DDR_A7.Signal=DDR_A7
DDR_A8.Mode=DDR3
DDR_A8.Signal=DDR_A8
DDR_A9.Mode=DDR3
DDR_A9.Signal=DDR_A9
DDR_ATO.Mode=DDR3
DDR_ATO.Signal=DDR_ATO
DDR_BA0.Mode=DDR3
DDR_BA0.Signal=DDR_BA0
DDR_BA1.Mode=DDR3
DDR_BA1.Signal=DDR_BA1
DDR_BA2.Mode=DDR3
DDR_BA2.Signal=DDR_BA2
DDR_CASN.Mode=DDR3
DDR_CASN.Signal=DDR_CASN
DDR_CKE.Mode=DDR3
DDR_CKE.Signal=DDR_CKE
DDR_CLKN.Mode=DDR3
DDR_CLKN.Signal=DDR_CLKN
DDR_CLKP.Mode=DDR3
DDR_CLKP.Signal=DDR_CLKP
DDR_CSN.Mode=DDR3
DDR_CSN.Signal=DDR_CSN
DDR_DQ0.Mode=DDR3
DDR_DQ0.Signal=DDR_DQ0
DDR_DQ1.Mode=DDR3
DDR_DQ1.Signal=DDR_DQ1
DDR_DQ10.Mode=DDR3
DDR_DQ10.Signal=DDR_DQ10
DDR_DQ11.Mode=DDR3
DDR_DQ11.Signal=DDR_DQ11
DDR_DQ12.Mode=DDR3
DDR_DQ12.Signal=DDR_DQ12
DDR_DQ13.Mode=DDR3
DDR_DQ13.Signal=DDR_DQ13
DDR_DQ14.Mode=DDR3
DDR_DQ14.Signal=DDR_DQ14
DDR_DQ15.Mode=DDR3
DDR_DQ15.Signal=DDR_DQ15
DDR_DQ2.Mode=DDR3
DDR_DQ2.Signal=DDR_DQ2
DDR_DQ3.Mode=DDR3
DDR_DQ3.Signal=DDR_DQ3
DDR_DQ4.Mode=DDR3
DDR_DQ4.Signal=DDR_DQ4
DDR_DQ5.Mode=DDR3
DDR_DQ5.Signal=DDR_DQ5
DDR_DQ6.Mode=DDR3
DDR_DQ6.Signal=DDR_DQ6
DDR_DQ7.Mode=DDR3
DDR_DQ7.Signal=DDR_DQ7
DDR_DQ8.Mode=DDR3
DDR_DQ8.Signal=DDR_DQ8
DDR_DQ9.Mode=DDR3
DDR_DQ9.Signal=DDR_DQ9
DDR_DQM0.Mode=DDR3
DDR_DQM0.Signal=DDR_DQM0
DDR_DQM1.Mode=DDR3
DDR_DQM1.Signal=DDR_DQM1
DDR_DQS0N.Mode=DDR3
DDR_DQS0N.Signal=DDR_DQS0N
DDR_DQS0P.Mode=DDR3
DDR_DQS0P.Signal=DDR_DQS0P
DDR_DQS1N.Mode=DDR3
DDR_DQS1N.Signal=DDR_DQS1N
DDR_DQS1P.Mode=DDR3
DDR_DQS1P.Signal=DDR_DQS1P
DDR_DTO0.Mode=DDR3
DDR_DTO0.Signal=DDR_DTO0
DDR_DTO1.Mode=DDR3
DDR_DTO1.Signal=DDR_DTO1
DDR_ODT.Mode=DDR3
DDR_ODT.Signal=DDR_ODT
DDR_RASN.Mode=DDR3
DDR_RASN.Signal=DDR_RASN
DDR_RESETN.Mode=DDR3
DDR_RESETN.Signal=DDR_RESETN
DDR_VREF.Mode=DDR3
DDR_VREF.Signal=DDR_VREF
DDR_WEN.Mode=DDR3
DDR_WEN.Signal=DDR_WEN
DDR_ZQ.Mode=DDR3
DDR_ZQ.Signal=DDR_ZQ
Dma.Request0=SAI1_A
Dma.Request1=SAI1_B
Dma.RequestsNb=2
Dma.SAI1_A.0.Direction=DMA_MEMORY_TO_PERIPH
Dma.SAI1_A.0.EventEnable=DISABLE
Dma.SAI1_A.0.FIFOMode=DMA_FIFOMODE_DISABLE
Dma.SAI1_A.0.Instance=DMA1_Stream0
Dma.SAI1_A.0.MDMA_Chaining=ENABLE
Dma.SAI1_A.0.Mandatory=DISABLE
Dma.SAI1_A.0.MemDataAlignment=DMA_MDATAALIGN_WORD
Dma.SAI1_A.0.MemInc=DMA_MINC_ENABLE
Dma.SAI1_A.0.Mode=DMA_NORMAL
Dma.SAI1_A.0.PeriphDataAlignment=DMA_PDATAALIGN_WORD
Dma.SAI1_A.0.PeriphInc=DMA_PINC_DISABLE
Dma.SAI1_A.0.Polarity=HAL_DMAMUX_REQ_GEN_RISING
Dma.SAI1_A.0.Priority=DMA_PRIORITY_LOW
Dma.SAI1_A.0.RequestNumber=1
Dma.SAI1_A.0.RequestParameters=Instance,Direction,PeriphInc,MemInc,PeriphDataAlignment,MemDataAlignment,Mode,Priority,FIFOMode,SignalID,Polarity,RequestNumber,SyncSignalID,SyncPolarity,SyncEnable,EventEnable,SyncRequestNumber,MDMA_Chaining,Mandatory
Dma.SAI1_A.0.SignalID=NONE
Dma.SAI1_A.0.SyncEnable=DISABLE
Dma.SAI1_A.0.SyncPolarity=HAL_DMAMUX_SYNC_NO_EVENT
Dma.SAI1_A.0.SyncRequestNumber=1
Dma.SAI1_A.0.SyncSignalID=NONE
Dma.SAI1_B.1.Direction=DMA_MEMORY_TO_PERIPH
Dma.SAI1_B.1.EventEnable=DISABLE
Dma.SAI1_B.1.FIFOMode=DMA_FIFOMODE_DISABLE
Dma.SAI1_B.1.Instance=DMA1_Stream1
Dma.SAI1_B.1.MDMA_Chaining=ENABLE
Dma.SAI1_B.1.Mandatory=DISABLE
Dma.SAI1_B.1.MemDataAlignment=DMA_MDATAALIGN_WORD
Dma.SAI1_B.1.MemInc=DMA_MINC_ENABLE
Dma.SAI1_B.1.Mode=DMA_NORMAL
Dma.SAI1_B.1.PeriphDataAlignment=DMA_PDATAALIGN_WORD
Dma.SAI1_B.1.PeriphInc=DMA_PINC_DISABLE
Dma.SAI1_B.1.Polarity=HAL_DMAMUX_REQ_GEN_RISING
Dma.SAI1_B.1.Priority=DMA_PRIORITY_LOW
Dma.SAI1_B.1.RequestNumber=1
Dma.SAI1_B.1.RequestParameters=Instance,Direction,PeriphInc,MemInc,PeriphDataAlignment,MemDataAlignment,Mode,Priority,FIFOMode,SignalID,Polarity,RequestNumber,SyncSignalID,SyncPolarity,SyncEnable,EventEnable,SyncRequestNumber,MDMA_Chaining,Mandatory
Dma.SAI1_B.1.SignalID=NONE
Dma.SAI1_B.1.SyncEnable=DISABLE
Dma.SAI1_B.1.SyncPolarity=HAL_DMAMUX_SYNC_NO_EVENT
Dma.SAI1_B.1.SyncRequestNumber=1
Dma.SAI1_B.1.SyncSignalID=NONE
File.Version=6
GIC.ADC1_IRQn=true\:false\:High level
GIC.DMA1_Stream0_IRQn=true\:false\:High level
GIC.DMA1_Stream1_IRQn=true\:false\:High level
GIC.DMA1_Stream2_IRQn=true\:false\:High level
GIC.DMA1_Stream3_IRQn=true\:false\:High level
GIC.DMA1_Stream4_IRQn=true\:false\:High level
GIC.DMA1_Stream5_IRQn=true\:false\:High level
GIC.DMA1_Stream6_IRQn=true\:false\:High level
GIC.DMA1_Stream7_IRQn=true\:false\:High level
GIC.ETH1_IRQn=true\:false\:High level
GIC.ETH1_WKUP_IRQn=true\:false\:High level
GIC.FMC_IRQn=true\:false\:High level
GIC.I2C1_ER_IRQn=true\:false\:High level
GIC.I2C1_EV_IRQn=true\:false\:High level
GIC.LTDC_ER_IRQn=true\:false\:High level
GIC.LTDC_IRQn=true\:false\:High level
GIC.MDMA_IRQn=true\:false\:High level
GIC.RCC_IRQn=true\:false\:High level
GIC.RTC_WKUP_ALARM_IRQn=true\:false\:High level
GIC.SAI1_IRQn=true\:false\:High level
GIC.SDMMC1_IRQn=true\:false\:High level
GIC.SDMMC2_IRQn=true\:false\:High level
GIC.SPI1_IRQn=true\:false\:High level
GIC.USART1_IRQn=true\:false\:High level
GIC.USART3_IRQn=true\:false\:High level
GIC.WAKEUP_PIN_IRQn=true\:false\:High level
GPIO.groupedBy=
KeepUserPlacement=false
Mcu.Context0=BootROM
Mcu.Context1=BootLoader
Mcu.Context2=CortexA7S
Mcu.Context3=CortexA7NS
Mcu.Context4=CortexM4
Mcu.ContextNb=5
Mcu.Family=STM32MP1
Mcu.IP0=ADC1
Mcu.IP1=BSEC
Mcu.IP10=LTDC
Mcu.IP11=MDMA
Mcu.IP12=NVIC
Mcu.IP13=PWR
Mcu.IP14=RCC
Mcu.IP15=RTC
Mcu.IP16=SAI1
Mcu.IP17=SDMMC1
Mcu.IP18=SDMMC2
Mcu.IP19=SPI1
Mcu.IP2=DDR
Mcu.IP20=SYS
Mcu.IP21=TAMP
Mcu.IP22=USART1
Mcu.IP23=USART3
Mcu.IP3=DMA
Mcu.IP4=ETH1
Mcu.IP5=ETZPC
Mcu.IP6=FMC
Mcu.IP7=GIC
Mcu.IP8=HSEM
Mcu.IP9=I2C1
Mcu.IPNb=24
Mcu.Name=STM32MP151AAAx
Mcu.Package=LFBGA448
Mcu.Pin0=PH4
Mcu.Pin1=PE13
Mcu.Pin10=PB14
Mcu.Pin100=DDR_CLKP
Mcu.Pin101=DDR_CLKN
Mcu.Pin102=DDR_DQ8
Mcu.Pin103=PC14-OSC32_IN
Mcu.Pin104=PC15-OSC32_OUT
Mcu.Pin105=DDR_A14
Mcu.Pin106=DDR_A11
Mcu.Pin107=DDR_DQ10
Mcu.Pin108=DDR_BA1
Mcu.Pin109=DDR_CKE
Mcu.Pin11=PH10
Mcu.Pin110=DDR_DQ13
Mcu.Pin111=DDR_DQ9
Mcu.Pin112=DDR_DQS1N
Mcu.Pin113=PH0-OSC_IN
Mcu.Pin114=PH1-OSC_OUT
Mcu.Pin115=PA3
Mcu.Pin116=DDR_A4
Mcu.Pin117=DDR_DQ11
Mcu.Pin118=DDR_DQM1
Mcu.Pin119=DDR_DQS1P
Mcu.Pin12=PH11
Mcu.Pin120=PC3
Mcu.Pin121=PC0
Mcu.Pin122=PG11
Mcu.Pin123=DDR_A8
Mcu.Pin124=DDR_A6
Mcu.Pin125=DDR_DQ14
Mcu.Pin126=PA1
Mcu.Pin127=PA4
Mcu.Pin128=PF12
Mcu.Pin129=PB10
Mcu.Pin13=PE14
Mcu.Pin130=PB13
Mcu.Pin131=PH6
Mcu.Pin132=PB2
Mcu.Pin133=DDR_DQ12
Mcu.Pin134=DDR_DQ15
Mcu.Pin135=PI10
Mcu.Pin136=PH7
Mcu.Pin137=PF11
Mcu.Pin138=PE7
Mcu.Pin139=PE9
Mcu.Pin14=PK3
Mcu.Pin140=PD12
Mcu.Pin141=PE10
Mcu.Pin142=PG9
Mcu.Pin143=PA12
Mcu.Pin144=PC2
Mcu.Pin145=PE2
Mcu.Pin146=PH3
Mcu.Pin147=PG8
Mcu.Pin148=PA7
Mcu.Pin149=PG7
Mcu.Pin15=PJ14
Mcu.Pin150=PE8
Mcu.Pin151=PG13
Mcu.Pin152=PA0
Mcu.Pin153=PB1
Mcu.Pin154=PC5
Mcu.Pin155=PF7
Mcu.Pin156=PF6
Mcu.Pin157=DDR_ATO
Mcu.Pin158=PA2
Mcu.Pin159=PC1
Mcu.Pin16=PJ12
Mcu.Pin160=PB0
Mcu.Pin161=PC4
Mcu.Pin162=PH2
Mcu.Pin163=PD11
Mcu.Pin164=PF8
Mcu.Pin165=PF9
Mcu.Pin166=DDR_VREF
Mcu.Pin167=VP_BSEC_VS_BSEC
Mcu.Pin168=VP_DDR_DDR3
Mcu.Pin169=VP_DDR_DDR_16_bits
Mcu.Pin17=PD1
Mcu.Pin170=VP_DDR_DDR3_16_8Gb
Mcu.Pin171=VP_ETZPC_VS_ETZPC
Mcu.Pin172=VP_HSEM_VS_HSEM
Mcu.Pin173=VP_RTC_VS_RTC_Activate
Mcu.Pin174=VP_SYS_VS_Systick
Mcu.Pin175=VP_TAMP_VS_TAMP_Activate
Mcu.Pin176=VP_DMA_VS_DMA1_A7NS
Mcu.Pin177=VP_DMA_VS_DMA2_M4
Mcu.Pin178=VP_MDMA_VS_MDMA_A7NS_8
Mcu.Pin18=PD3
Mcu.Pin19=PB15
Mcu.Pin2=PK6
Mcu.Pin20=PA8
Mcu.Pin21=PH14
Mcu.Pin22=PE15
Mcu.Pin23=PK5
Mcu.Pin24=PD4
Mcu.Pin25=PD0
Mcu.Pin26=PE5
Mcu.Pin27=PB4
Mcu.Pin28=PI0
Mcu.Pin29=PI14
Mcu.Pin3=PK4
Mcu.Pin30=PH13
Mcu.Pin31=PH8
Mcu.Pin32=PG15
Mcu.Pin33=PG6
Mcu.Pin34=PD2
Mcu.Pin35=PC7
Mcu.Pin36=PC9
Mcu.Pin37=PC11
Mcu.Pin38=PI2
Mcu.Pin39=PH9
Mcu.Pin4=PJ13
Mcu.Pin40=PE6
Mcu.Pin41=PA15
Mcu.Pin42=PC12
Mcu.Pin43=PC6
Mcu.Pin44=PC8
Mcu.Pin45=DDR_DQ3
Mcu.Pin46=DDR_DQ0
Mcu.Pin47=PI15
Mcu.Pin48=PZ3
Mcu.Pin49=PH12
Mcu.Pin5=PD10
Mcu.Pin50=PB7
Mcu.Pin51=PB9
Mcu.Pin52=PC10
Mcu.Pin53=PE4
Mcu.Pin54=DDR_A7
Mcu.Pin55=DDR_RESETN
Mcu.Pin56=DDR_DQ1
Mcu.Pin57=PZ4
Mcu.Pin58=PZ0
Mcu.Pin59=DDR_A13
Mcu.Pin6=PD5
Mcu.Pin60=DDR_DQ7
Mcu.Pin61=DDR_DQM0
Mcu.Pin62=DDR_DQS0N
Mcu.Pin63=DDR_DQS0P
Mcu.Pin64=PI13
Mcu.Pin65=PI12
Mcu.Pin66=PZ7
Mcu.Pin67=PZ5
Mcu.Pin68=PZ1
Mcu.Pin69=PJ8
Mcu.Pin7=PE3
Mcu.Pin70=DDR_A9
Mcu.Pin71=DDR_A5
Mcu.Pin72=DDR_DQ5
Mcu.Pin73=DDR_DQ2
Mcu.Pin74=DDR_DQ6
Mcu.Pin75=DDR_A2
Mcu.Pin76=DDR_A3
Mcu.Pin77=DDR_DQ4
Mcu.Pin78=PZ2
Mcu.Pin79=DDR_BA2
Mcu.Pin8=PA9
Mcu.Pin80=DDR_A0
Mcu.Pin81=DDR_BA0
Mcu.Pin82=DDR_DTO1
Mcu.Pin83=DDR_ZQ
Mcu.Pin84=PD15
Mcu.Pin85=PD6
Mcu.Pin86=DDR_CSN
Mcu.Pin87=DDR_ODT
Mcu.Pin88=DDR_DTO0
Mcu.Pin89=PD8
Mcu.Pin9=PB3
Mcu.Pin90=PD9
Mcu.Pin91=PD14
Mcu.Pin92=DDR_A1
Mcu.Pin93=DDR_A15
Mcu.Pin94=DDR_RASN
Mcu.Pin95=DDR_WEN
Mcu.Pin96=DDR_CASN
Mcu.Pin97=PC13
Mcu.Pin98=DDR_A10
Mcu.Pin99=DDR_A12
Mcu.PinsNb=179
Mcu.ThirdPartyNb=0
Mcu.UserConstants=
Mcu.UserName=STM32MP151AAAx
Mdma.MDMA_Channel16.FMC_DATA.0.BlockCount=0
Mdma.MDMA_Channel16.FMC_DATA.0.BlockDataLength=0
Mdma.MDMA_Channel16.FMC_DATA.0.BufferTransferLength=1
Mdma.MDMA_Channel16.FMC_DATA.0.CircularMode=MDMA_LINEAR_LIST
Mdma.MDMA_Channel16.FMC_DATA.0.DataAlignment=MDMA_DATAALIGN_PACKENABLE
Mdma.MDMA_Channel16.FMC_DATA.0.DestBlockAddressOffset=0
Mdma.MDMA_Channel16.FMC_DATA.0.DestBurst=MDMA_DEST_BURST_SINGLE
Mdma.MDMA_Channel16.FMC_DATA.0.DestDataSize=MDMA_DEST_DATASIZE_BYTE
Mdma.MDMA_Channel16.FMC_DATA.0.DestinationInc=MDMA_DEST_INC_BYTE
Mdma.MDMA_Channel16.FMC_DATA.0.DstAddress=0
Mdma.MDMA_Channel16.FMC_DATA.0.Endianness=MDMA_LITTLE_ENDIANNESS_PRESERVE
Mdma.MDMA_Channel16.FMC_DATA.0.Instance=MDMA_Channel16
Mdma.MDMA_Channel16.FMC_DATA.0.Mandatory=DISABLE
Mdma.MDMA_Channel16.FMC_DATA.0.MaskAddress=0
Mdma.MDMA_Channel16.FMC_DATA.0.MaskData=0
Mdma.MDMA_Channel16.FMC_DATA.0.Priority=MDMA_PRIORITY_LOW
Mdma.MDMA_Channel16.FMC_DATA.0.Rank=First
Mdma.MDMA_Channel16.FMC_DATA.0.RequestParameters=Instance,CircularMode,TransferTriggerMode,Priority,Endianness,SourceInc,DestinationInc,SourceDataSize,DestDataSize,DataAlignment,BufferTransferLength,SourceBurst,DestBurst,SourceBlockAddressOffset,DestBlockAddressOffset,MaskAddress,MaskData,SrcAddress,DstAddress,BlockDataLength,BlockCount,Rank,Mandatory
Mdma.MDMA_Channel16.FMC_DATA.0.SourceBlockAddressOffset=0
Mdma.MDMA_Channel16.FMC_DATA.0.SourceBurst=MDMA_SOURCE_BURST_SINGLE
Mdma.MDMA_Channel16.FMC_DATA.0.SourceDataSize=MDMA_SRC_DATASIZE_BYTE
Mdma.MDMA_Channel16.FMC_DATA.0.SourceInc=MDMA_SRC_INC_BYTE
Mdma.MDMA_Channel16.FMC_DATA.0.SrcAddress=0
Mdma.MDMA_Channel16.FMC_DATA.0.TransferTriggerMode=MDMA_BUFFER_TRANSFER
Mdma.MDMA_Channel16.Request0=FMC_DATA
Mdma.MDMA_Channel16.RequestsNb=1
Mdma.MDMA_Channel17.FMC_ERROR.0.BlockCount=0
Mdma.MDMA_Channel17.FMC_ERROR.0.BlockDataLength=0
Mdma.MDMA_Channel17.FMC_ERROR.0.BufferTransferLength=1
Mdma.MDMA_Channel17.FMC_ERROR.0.CircularMode=MDMA_LINEAR_LIST
Mdma.MDMA_Channel17.FMC_ERROR.0.DataAlignment=MDMA_DATAALIGN_PACKENABLE
Mdma.MDMA_Channel17.FMC_ERROR.0.DestBlockAddressOffset=0
Mdma.MDMA_Channel17.FMC_ERROR.0.DestBurst=MDMA_DEST_BURST_SINGLE
Mdma.MDMA_Channel17.FMC_ERROR.0.DestDataSize=MDMA_DEST_DATASIZE_BYTE
Mdma.MDMA_Channel17.FMC_ERROR.0.DestinationInc=MDMA_DEST_INC_BYTE
Mdma.MDMA_Channel17.FMC_ERROR.0.DstAddress=0
Mdma.MDMA_Channel17.FMC_ERROR.0.Endianness=MDMA_LITTLE_ENDIANNESS_PRESERVE
Mdma.MDMA_Channel17.FMC_ERROR.0.Instance=MDMA_Channel17
Mdma.MDMA_Channel17.FMC_ERROR.0.Mandatory=DISABLE
Mdma.MDMA_Channel17.FMC_ERROR.0.MaskAddress=0
Mdma.MDMA_Channel17.FMC_ERROR.0.MaskData=0
Mdma.MDMA_Channel17.FMC_ERROR.0.Priority=MDMA_PRIORITY_LOW
Mdma.MDMA_Channel17.FMC_ERROR.0.Rank=First
Mdma.MDMA_Channel17.FMC_ERROR.0.RequestParameters=Instance,CircularMode,TransferTriggerMode,Priority,Endianness,SourceInc,DestinationInc,SourceDataSize,DestDataSize,DataAlignment,BufferTransferLength,SourceBurst,DestBurst,SourceBlockAddressOffset,DestBlockAddressOffset,MaskAddress,MaskData,SrcAddress,DstAddress,BlockDataLength,BlockCount,Rank,Mandatory
Mdma.MDMA_Channel17.FMC_ERROR.0.SourceBlockAddressOffset=0
Mdma.MDMA_Channel17.FMC_ERROR.0.SourceBurst=MDMA_SOURCE_BURST_SINGLE
Mdma.MDMA_Channel17.FMC_ERROR.0.SourceDataSize=MDMA_SRC_DATASIZE_BYTE
Mdma.MDMA_Channel17.FMC_ERROR.0.SourceInc=MDMA_SRC_INC_BYTE
Mdma.MDMA_Channel17.FMC_ERROR.0.SrcAddress=0
Mdma.MDMA_Channel17.FMC_ERROR.0.TransferTriggerMode=MDMA_BUFFER_TRANSFER
Mdma.MDMA_Channel17.Request0=FMC_ERROR
Mdma.MDMA_Channel17.RequestsNb=1
Mdma.RequestSet0=MDMA_Channel16
Mdma.RequestSet1=MDMA_Channel17
Mdma.RequestSetsNb=2
MxCube.Version=6.3.0
MxDb.Version=DB.6.0.30
NVIC.BusFault_IRQn=true\:1\:0\:false\:false\:true\:false\:false
NVIC.DebugMonitor_IRQn=true\:1\:0\:false\:false\:true\:false\:false
NVIC.ForceEnableDMAVector=true
NVIC.HardFault_IRQn=true\:0\:0\:false\:false\:true\:false\:false
NVIC.MemoryManagement_IRQn=true\:1\:0\:false\:false\:true\:false\:false
NVIC.NonMaskableInt_IRQn=true\:0\:0\:false\:false\:true\:false\:false
NVIC.PendSV_IRQn=true\:1\:0\:false\:false\:true\:false\:false
NVIC.PriorityGroup=NVIC_PRIORITYGROUP_4
NVIC.RCC_WAKEUP_IRQn=true\:0\:0\:false\:false\:true\:false\:true
NVIC.SVCall_IRQn=true\:1\:0\:false\:false\:true\:false\:false
NVIC.SysTick_IRQn=true\:15\:0\:false\:false\:true\:false\:true
NVIC.UsageFault_IRQn=true\:1\:0\:false\:false\:true\:false\:false
PA0.Locked=true
PA0.Mode=WakeUp1
PA0.Signal=PWR_WKUP1
PA1.Mode=MII (Media Independent Interface)
PA1.Signal=ETH1_RX_CLK
PA12.Mode=CTS_RTS
PA12.Signal=USART1_RTS
PA15.Mode=RGB888
PA15.Signal=LTDC_R1
PA2.Mode=MII (Media Independent Interface)
PA2.Signal=ETH1_MDIO
PA3.Signal=ADCx_INP15
PA4.Signal=ADCx_INP18
PA7.Mode=MII (Media Independent Interface)
PA7.Signal=ETH1_RX_DV
PA8.Mode=RGB888
PA8.Signal=LTDC_R6
PA9.Mode=RGB888
PA9.Signal=LTDC_R5
PB0.Signal=ADCx_INP9
PB1.Signal=ADCx_INP5
PB10.Mode=MII (Media Independent Interface)
PB10.Signal=ETH1_RX_ER
PB13.Mode=MII (Media Independent Interface)
PB13.Signal=ETH1_TXD1
PB14.Mode=CTS_RTS
PB14.Signal=USART3_RTS
PB15.Mode=SD_4_bits_Wide_bus
PB15.Signal=SDMMC2_D1
PB2.Mode=SAI_A_MasterWithClock
PB2.Signal=SAI1_SD_A
PB3.Mode=SD_4_bits_Wide_bus
PB3.Signal=SDMMC2_D2
PB4.Mode=SD_4_bits_Wide_bus
PB4.Signal=SDMMC2_D3
PB7.Mode=Asynchronous
PB7.Signal=USART1_RX
PB9.Mode=mmc_8_bits_Wide_bus
PB9.Signal=SDMMC1_D5
PC0.Signal=ADCx_INP10
PC1.Mode=MII (Media Independent Interface)
PC1.Signal=ETH1_MDC
PC10.Mode=mmc_8_bits_Wide_bus
PC10.Signal=SDMMC1_D2
PC11.Mode=mmc_8_bits_Wide_bus
PC11.Signal=SDMMC1_D3
PC12.Mode=mmc_8_bits_Wide_bus
PC12.Signal=SDMMC1_CK
PC13.Locked=true
PC13.Signal=GPXTI13
PC14-OSC32_IN.Locked=true
PC14-OSC32_IN.Signal=RCC_OSC32_IN
PC15-OSC32_OUT.Locked=true
PC15-OSC32_OUT.Signal=RCC_OSC32_OUT
PC2.Mode=MII (Media Independent Interface)
PC2.Signal=ETH1_TXD2
PC3.Mode=MII (Media Independent Interface)
PC3.Signal=ETH1_TX_CLK
PC4.Mode=MII (Media Independent Interface)
PC4.Signal=ETH1_RXD0
PC5.Mode=MII (Media Independent Interface)
PC5.Signal=ETH1_RXD1
PC6.Mode=mmc_8_bits_Wide_bus
PC6.Signal=SDMMC1_D6
PC7.Mode=RGB888
PC7.Signal=LTDC_G6
PC8.Mode=mmc_8_bits_Wide_bus
PC8.Signal=SDMMC1_D0
PC9.Mode=mmc_8_bits_Wide_bus
PC9.Signal=SDMMC1_D1
PD0.Signal=FMC_D2_DA2
PD1.Signal=FMC_D3_DA3
PD10.Mode=RGB888
PD10.Signal=LTDC_B3
PD11.Signal=FMC_A16_CLE
PD12.Signal=FMC_A17_ALE
PD14.Signal=FMC_D0_DA0
PD15.Signal=FMC_D1_DA1
PD2.Mode=mmc_8_bits_Wide_bus
PD2.Signal=SDMMC1_CMD
PD3.Mode=mmc_8_bits_Wide_bus
PD3.Signal=SDMMC1_D7
PD4.Signal=FMC_NOE
PD5.Signal=FMC_NWE
PD6.Signal=FMC_NWAIT
PD8.Mode=Asynchronous
PD8.Signal=USART3_TX
PD9.Mode=Asynchronous
PD9.Signal=USART3_RX
PE10.Signal=FMC_D7_DA7
PE13.Mode=RGB888
PE13.Signal=LTDC_DE
PE14.Mode=RGB888
PE14.Signal=LTDC_G0
PE15.Mode=RGB888
PE15.Signal=LTDC_R7
PE2.Mode=MII (Media Independent Interface)
PE2.Signal=ETH1_TXD3
PE3.Mode=SD_4_bits_Wide_bus
PE3.Signal=SDMMC2_CK
PE4.Mode=mmc_8_bits_Wide_bus
PE4.Signal=SDMMC1_D4
PE5.Mode=SAI_A_MasterWithClock
PE5.Signal=SAI1_SCK_A
PE6.Mode=SD_4_bits_Wide_bus
PE6.Signal=SDMMC2_D0
PE7.Signal=FMC_D4_DA4
PE8.Signal=FMC_D5_DA5
PE9.Signal=FMC_D6_DA6
PF11.Mode=IN2-Single-Ended
PF11.Signal=ADC1_INP2
PF12.Mode=IN6-Single-Ended
PF12.Signal=ADC1_INP6
PF6.Mode=SAI_B_MasterWithClock
PF6.Signal=SAI1_SD_B
PF7.Mode=SAI_B_MasterWithClock
PF7.Signal=SAI1_MCLK_B
PF8.Mode=SAI_B_MasterWithClock
PF8.Signal=SAI1_SCK_B
PF9.Mode=SAI_B_MasterWithClock
PF9.Signal=SAI1_FS_B
PG11.Mode=MII (Media Independent Interface)
PG11.Signal=ETH1_TX_EN
PG13.Mode=MII (Media Independent Interface)
PG13.Signal=ETH1_TXD0
PG15.Mode=SAI_A_MasterWithClock
PG15.Signal=SAI1_FS_A
PG6.Mode=SD_4_bits_Wide_bus
PG6.Signal=SDMMC2_CMD
PG7.Mode=SAI_A_MasterWithClock
PG7.Signal=SAI1_MCLK_A
PG8.Mode=ETH Clock Output (PHY without Quartz)
PG8.Signal=ETH1_CLK
PG9.Mode=NandChipSelect3_1
PG9.Signal=FMC_NCE
PH0-OSC_IN.Mode=HSE-External-Oscillator
PH0-OSC_IN.Signal=RCC_OSC_IN
PH1-OSC_OUT.Mode=HSE-External-Oscillator
PH1-OSC_OUT.Signal=RCC_OSC_OUT
PH10.Mode=RGB888
PH10.Signal=LTDC_R4
PH11.Mode=I2C
PH11.Signal=I2C1_SCL
PH12.Mode=I2C
PH12.Signal=I2C1_SDA
PH13.Mode=RGB888
PH13.Signal=LTDC_G2
PH14.Mode=RGB888
PH14.Signal=LTDC_G3
PH2.Locked=true
PH2.Mode=MII (Media Independent Interface)
PH2.Signal=ETH1_CRS
PH3.Mode=MII (Media Independent Interface)
PH3.Signal=ETH1_COL
PH4.Mode=RGB888
PH4.Signal=LTDC_G4
PH6.Mode=MII (Media Independent Interface)
PH6.Signal=ETH1_RXD2
PH7.Mode=MII (Media Independent Interface)
PH7.Signal=ETH1_RXD3
PH8.Mode=RGB888
PH8.Signal=LTDC_R2
PH9.Mode=RGB888
PH9.Signal=LTDC_R3
PI0.Mode=RGB888
PI0.Signal=LTDC_G5
PI10.Mode=CTS_RTS
PI10.Signal=USART3_CTS
PI12.Mode=RGB888
PI12.Signal=LTDC_HSYNC
PI13.Mode=RGB888
PI13.Signal=LTDC_VSYNC
PI14.Mode=RGB888
PI14.Signal=LTDC_CLK
PI15.Mode=RGB888
PI15.Signal=LTDC_R0
PI2.Mode=RGB888
PI2.Signal=LTDC_G7
PJ12.Mode=RGB888
PJ12.Signal=LTDC_B0
PJ13.Mode=RGB888
PJ13.Signal=LTDC_B1
PJ14.Mode=RGB888
PJ14.Signal=LTDC_B2
PJ8.Mode=RGB888
PJ8.Signal=LTDC_G1
PK3.Mode=RGB888
PK3.Signal=LTDC_B4
PK4.Mode=RGB888
PK4.Signal=LTDC_B5
PK5.Mode=RGB888
PK5.Signal=LTDC_B6
PK6.Mode=RGB888
PK6.Signal=LTDC_B7
PZ0.Mode=Full_Duplex_Master
PZ0.Signal=SPI1_SCK
PZ1.Mode=Full_Duplex_Master
PZ1.Signal=SPI1_MISO
PZ2.Mode=Full_Duplex_Master
PZ2.Signal=SPI1_MOSI
PZ3.Mode=CTS_RTS
PZ3.Signal=USART1_CTS
PZ4.Locked=true
PZ4.Signal=I2C4_SCL
PZ5.Locked=true
PZ5.Signal=I2C4_SDA
PZ7.Mode=Asynchronous
PZ7.Signal=USART1_TX
PinOutPanel.CurrentBGAView=Top
PinOutPanel.RotationAngle=0
ProjectManager.AskForMigrate=true
ProjectManager.BackupPrevious=false
ProjectManager.CompilerOptimize=6
ProjectManager.ComputerToolchain=false
ProjectManager.CoupleFile=false
ProjectManager.CustomerFirmwarePackage=
ProjectManager.DefaultFWLocation=true
ProjectManager.DeletePrevious=true
ProjectManager.DeviceId=STM32MP151AAAx
ProjectManager.DeviceTreeLocation=
ProjectManager.FirmwarePackage=STM32Cube FW_MP1 V1.4.0
ProjectManager.FreePins=false
ProjectManager.HalAssertFull=false
ProjectManager.HeapSize=0x200
ProjectManager.KeepUserCode=true
ProjectManager.LastFirmware=true
ProjectManager.LibraryCopy=0
ProjectManager.MainLocation=Core/Src
ProjectManager.NoMain=false
ProjectManager.PreviousToolchain=
ProjectManager.ProjectBuild=false
ProjectManager.ProjectFileName=CubeMX-Hardware-Config.ioc
ProjectManager.ProjectName=CubeMX-Hardware-Config
ProjectManager.RegisterCallBack=
ProjectManager.StackSize=0x400
ProjectManager.TargetToolchain=EWARM V8.32
ProjectManager.ToolChainLocation=
ProjectManager.UnderRoot=false
ProjectManager.functionlistsort=1-SystemClock_Config-RCC-false-HAL-false,3-MX_ETZPC_Init-ETZPC-false-HAL-true,3-MX_GPIO_Init-GPIO-false-HAL-true,4-MX_DMA_Init-DMA-false-HAL-true,0-MX_PWR_Init-PWR-false-HAL-true
RCC.ADCFreq_Value=25000000
RCC.AHB1234Freq_Value=64000000
RCC.APB1Freq_Value=64000000
RCC.APB2Freq_Value=64000000
RCC.APB3Freq_Value=64000000
RCC.APB4Freq_Value=64000000
RCC.APB5DIVClockFreq_Value=64000000
RCC.AXICLKFreq_VALUE=64000000
RCC.AXIDIVFreq_Value=64000000
RCC.CECFreq_Value=32768
RCC.CKPERCLKFreq_VALUE=64000000
RCC.CSI_VALUE=4000000
RCC.CortexFreq_Value=64000000
RCC.DACCLKFreq_VALUE=32000
RCC.DDRCFreq_Value=25000000
RCC.DDRPERFMFreq_Value=25000000
RCC.DDRPHYFreq_Value=25000000
RCC.DFSDFAFreq_Value=25000000
RCC.DFSDMFreq_Value=64000000
RCC.DIVP1Freq_Value=50000000
RCC.DIVP2Freq_Value=25000000
RCC.DIVP3Freq_Value=25000000
RCC.DIVP4Freq_Value=25000000
RCC.DIVQ1Freq_Value=25000000
RCC.DIVQ2Freq_Value=25000000
RCC.DIVQ3Freq_Value=25000000
RCC.DIVQ4Freq_Value=25000000
RCC.DIVR1Freq_Value=25000000
RCC.DIVR2Freq_Value=25000000
RCC.DIVR3Freq_Value=25000000
RCC.DIVR4Freq_Value=25000000
RCC.DSIFreq_Value=60000000
RCC.DSIPixelFreq_Value=25000000
RCC.DSITXEscFreq_Value=15000000
RCC.DSI_VALUE=60000000
RCC.ETHFreq_Value=25000000
RCC.FDCANFreq_Value=24000000
RCC.FMCFreq_Value=64000000
RCC.FamilyName=M
RCC.HSE_VALUE=24000000
RCC.HSIDivClkFreq_Value=64000000
RCC.HSI_VALUE=64000000
RCC.Hclk5DIVFreq_Value=64000000
RCC.Hclk6DIVFreq_Value=64000000
RCC.I2C12Freq_Value=64000000
RCC.I2C35Freq_Value=64000000
RCC.I2C46Freq_Value=64000000
RCC.IPParameters=ADCFreq_Value,AHB1234Freq_Value,APB1Freq_Value,APB2Freq_Value,APB3Freq_Value,APB4Freq_Value,APB5DIVClockFreq_Value,AXICLKFreq_VALUE,AXIDIVFreq_Value,CECFreq_Value,CKPERCLKFreq_VALUE,CSI_VALUE,CortexFreq_Value,DACCLKFreq_VALUE,DDRCFreq_Value,DDRPERFMFreq_Value,DDRPHYFreq_Value,DFSDFAFreq_Value,DFSDMFreq_Value,DIVP1Freq_Value,DIVP2Freq_Value,DIVP3Freq_Value,DIVP4Freq_Value,DIVQ1Freq_Value,DIVQ2Freq_Value,DIVQ3Freq_Value,DIVQ4Freq_Value,DIVR1Freq_Value,DIVR2Freq_Value,DIVR3Freq_Value,DIVR4Freq_Value,DSIFreq_Value,DSIPixelFreq_Value,DSITXEscFreq_Value,DSI_VALUE,ETHFreq_Value,FDCANFreq_Value,FMCFreq_Value,FamilyName,HSE_VALUE,HSIDivClkFreq_Value,HSI_VALUE,Hclk5DIVFreq_Value,Hclk6DIVFreq_Value,I2C12Freq_Value,I2C35Freq_Value,I2C46Freq_Value,LPTIM1Freq_Value,LPTIM23Freq_Value,LPTIM45Freq_Value,LSE_VALUE,LSI_VALUE,LTDCFreq_Value,MCO1PinFreq_Value,MCO2PinFreq_Value,MCUCLKFreq_VALUE,MCUClockFreq_Value,MCUDIVCLKFreq_Value,MPUCLKFreq_VALUE,PLL4PDSIFreq_Value,PLLDSIFreq_Value,PLLDSIVCOFreq_Value,PUBLFreq_Value,QSPIFreq_Value,RNG1Freq_Value,RNG2Freq_Value,RTCFreq_Value,SAI1Freq_Value,SAI2Freq_Value,SAI3Freq_Value,SAI4Freq_Value,SDMMC12Freq_Value,SDMMC3Freq_Value,SPDIFRXFreq_Value,SPI1Freq_Value,SPI23Freq_Value,SPI45Freq_Value,SPI6Freq_Value,STGENFreq_Value,Tim1OutputFreq_Value,Tim2OutputFreq_Value,UART78Freq_Value,USART1Freq_Value,USART24Freq_Value,USART35Freq_Value,USART6Freq_Value,USBOHSFreq_Value,USBPHYFreq_Value,VCO1OutputFreq_Value,VCO2OutputFreq_Value,VCO3OutputFreq_Value,VCO4OutputFreq_Value,VCOInput1Freq_Value,VCOInput2Freq_Value,VCOInput3Freq_Value,VCOInput4Freq_Value
RCC.LPTIM1Freq_Value=64000000
RCC.LPTIM23Freq_Value=64000000
RCC.LPTIM45Freq_Value=64000000
RCC.LSE_VALUE=32768
RCC.LSI_VALUE=32000
RCC.LTDCFreq_Value=25000000
RCC.MCO1PinFreq_Value=64000000
RCC.MCO2PinFreq_Value=64000000
RCC.MCUCLKFreq_VALUE=64000000
RCC.MCUClockFreq_Value=64000000
RCC.MCUDIVCLKFreq_Value=64000000
RCC.MPUCLKFreq_VALUE=64000000
RCC.PLL4PDSIFreq_Value=25000000
RCC.PLLDSIFreq_Value=480000000
RCC.PLLDSIVCOFreq_Value=960000000
RCC.PUBLFreq_Value=25000000
RCC.QSPIFreq_Value=64000000
RCC.RNG1Freq_Value=4000000
RCC.RNG2Freq_Value=4000000
RCC.RTCFreq_Value=32000
RCC.SAI1Freq_Value=25000000
RCC.SAI2Freq_Value=25000000
RCC.SAI3Freq_Value=25000000
RCC.SAI4Freq_Value=25000000
RCC.SDMMC12Freq_Value=64000000
RCC.SDMMC3Freq_Value=64000000
RCC.SPDIFRXFreq_Value=25000000
RCC.SPI1Freq_Value=25000000
RCC.SPI23Freq_Value=25000000
RCC.SPI45Freq_Value=64000000
RCC.SPI6Freq_Value=64000000
RCC.STGENFreq_Value=64000000
RCC.Tim1OutputFreq_Value=64000000
RCC.Tim2OutputFreq_Value=64000000
RCC.UART78Freq_Value=64000000
RCC.USART1Freq_Value=64000000
RCC.USART24Freq_Value=64000000
RCC.USART35Freq_Value=64000000
RCC.USART6Freq_Value=64000000
RCC.USBOHSFreq_Value=25000000
RCC.USBPHYFreq_Value=25000000
RCC.VCO1OutputFreq_Value=100000000
RCC.VCO2OutputFreq_Value=100000000
RCC.VCO3OutputFreq_Value=50000000
RCC.VCO4OutputFreq_Value=50000000
RCC.VCOInput1Freq_Value=2000000
RCC.VCOInput2Freq_Value=2000000
RCC.VCOInput3Freq_Value=2000000
RCC.VCOInput4Freq_Value=2000000
SAI1.ErrorAudioFreq-SAI_A_MasterWithClock=-49.13 %
SAI1.ErrorAudioFreq-SAI_B_MasterWithClock=-49.13 %
SAI1.IPParameters=Instance-SAI_A_MasterWithClock,VirtualMode-SAI_A_MasterWithClock,MckOutput-SAI_A_MasterWithClock,RealAudioFreq-SAI_A_MasterWithClock,ErrorAudioFreq-SAI_A_MasterWithClock,Instance-SAI_B_MasterWithClock,VirtualMode-SAI_B_MasterWithClock,MckOutput-SAI_B_MasterWithClock,RealAudioFreq-SAI_B_MasterWithClock,ErrorAudioFreq-SAI_B_MasterWithClock
SAI1.Instance-SAI_A_MasterWithClock=SAI$Index_Block_A
SAI1.Instance-SAI_B_MasterWithClock=SAI$Index_Block_B
SAI1.MckOutput-SAI_A_MasterWithClock=SAI_MCK_OUTPUT_ENABLE
SAI1.MckOutput-SAI_B_MasterWithClock=SAI_MCK_OUTPUT_ENABLE
SAI1.RealAudioFreq-SAI_A_MasterWithClock=97.656 KHz
SAI1.RealAudioFreq-SAI_B_MasterWithClock=97.656 KHz
SAI1.VirtualMode-SAI_A_MasterWithClock=VM_MASTER
SAI1.VirtualMode-SAI_B_MasterWithClock=VM_MASTER
SH.ADCx_INP10.0=ADC1_INP10,IN10-Single-Ended
SH.ADCx_INP10.ConfNb=1
SH.ADCx_INP15.0=ADC1_INP15,IN15-Single-Ended
SH.ADCx_INP15.ConfNb=1
SH.ADCx_INP18.0=ADC1_INP18,IN18-Single-Ended
SH.ADCx_INP18.ConfNb=1
SH.ADCx_INP5.0=ADC1_INP5,IN5-Single-Ended
SH.ADCx_INP5.ConfNb=1
SH.ADCx_INP9.0=ADC1_INP9,IN9-Single-Ended
SH.ADCx_INP9.ConfNb=1
SH.FMC_A16_CLE.0=FMC_CLE,8b-dmux1
SH.FMC_A16_CLE.ConfNb=1
SH.FMC_A17_ALE.0=FMC_ALE,8b-dmux1
SH.FMC_A17_ALE.ConfNb=1
SH.FMC_D0_DA0.0=FMC_D0,8b-dmux1
SH.FMC_D0_DA0.ConfNb=1
SH.FMC_D1_DA1.0=FMC_D1,8b-dmux1
SH.FMC_D1_DA1.ConfNb=1
SH.FMC_D2_DA2.0=FMC_D2,8b-dmux1
SH.FMC_D2_DA2.ConfNb=1
SH.FMC_D3_DA3.0=FMC_D3,8b-dmux1
SH.FMC_D3_DA3.ConfNb=1
SH.FMC_D4_DA4.0=FMC_D4,8b-dmux1
SH.FMC_D4_DA4.ConfNb=1
SH.FMC_D5_DA5.0=FMC_D5,8b-dmux1
SH.FMC_D5_DA5.ConfNb=1
SH.FMC_D6_DA6.0=FMC_D6,8b-dmux1
SH.FMC_D6_DA6.ConfNb=1
SH.FMC_D7_DA7.0=FMC_D7,8b-dmux1
SH.FMC_D7_DA7.ConfNb=1
SH.FMC_NOE.0=FMC_NOE,8b-dmux1
SH.FMC_NOE.ConfNb=1
SH.FMC_NWAIT.0=FMC_NWAIT,Wait1
SH.FMC_NWAIT.ConfNb=1
SH.FMC_NWE.0=FMC_NWE,8b-dmux1
SH.FMC_NWE.ConfNb=1
SH.GPXTI13.0=GPIO_EXTI13
SH.GPXTI13.ConfNb=1
SPI1.CalculateBaudRate=6.25 MBits/s
SPI1.Direction=SPI_DIRECTION_2LINES
SPI1.IPParameters=VirtualType,Mode,Direction,CalculateBaudRate
SPI1.Mode=SPI_MODE_MASTER
SPI1.VirtualType=VM_MASTER
USART1.IPParameters=VirtualMode-Asynchronous
USART1.VirtualMode-Asynchronous=VM_ASYNC
USART3.IPParameters=VirtualMode-Asynchronous
USART3.VirtualMode-Asynchronous=VM_ASYNC
VP_BSEC_VS_BSEC.Mode=BSEC_Activate
VP_BSEC_VS_BSEC.Signal=BSEC_VS_BSEC
VP_DDR_DDR3.Mode=DDR3
VP_DDR_DDR3.Signal=DDR_DDR3
VP_DDR_DDR3_16_8Gb.Mode=8Gb_16bits
VP_DDR_DDR3_16_8Gb.Signal=DDR_DDR3_16_8Gb
VP_DDR_DDR_16_bits.Mode=16bits
VP_DDR_DDR_16_bits.Signal=DDR_DDR_16_bits
VP_DMA_VS_DMA1_A7NS.Mode=CortexA7NS
VP_DMA_VS_DMA1_A7NS.Signal=DMA_VS_DMA1_A7NS
VP_DMA_VS_DMA2_M4.Mode=CortexM4
VP_DMA_VS_DMA2_M4.Signal=DMA_VS_DMA2_M4
VP_ETZPC_VS_ETZPC.Mode=ETZPC_Activate
VP_ETZPC_VS_ETZPC.Signal=ETZPC_VS_ETZPC
VP_HSEM_VS_HSEM.Mode=HSEM_Activate
VP_HSEM_VS_HSEM.Signal=HSEM_VS_HSEM
VP_MDMA_VS_MDMA_A7NS_8.Mode=8\:8
VP_MDMA_VS_MDMA_A7NS_8.Signal=MDMA_VS_MDMA_A7NS_8
VP_RTC_VS_RTC_Activate.Mode=RTC_Enabled
VP_RTC_VS_RTC_Activate.Signal=RTC_VS_RTC_Activate
VP_SYS_VS_Systick.Mode=SysTick
VP_SYS_VS_Systick.Signal=SYS_VS_Systick
VP_TAMP_VS_TAMP_Activate.Mode=TAMP_Enabled
VP_TAMP_VS_TAMP_Activate.Signal=TAMP_VS_TAMP_Activate
board=custom
